
Microsoft Visual Studio Solution File, Format Version 12.00
# Visual Studio Version 16
VisualStudioVersion = 16.0.31205.134
MinimumVisualStudioVersion = 10.0.40219.1
Project("{9A19103F-16F7-4668-BE54-9A1E7A4F7556}") = "PCRChart", "PCRChart.csproj", "{A030BDE8-25C5-495E-8C89-7B54C35E36EC}"
EndProject
Global
	GlobalSection(SolutionConfigurationPlatforms) = preSolution
		Debug|Any CPU = Debug|Any CPU
		Release|Any CPU = Release|Any CPU
	EndGlobalSection
	GlobalSection(ProjectConfigurationPlatforms) = postSolution
		{A030BDE8-25C5-495E-8C89-7B54C35E36EC}.Debug|Any CPU.ActiveCfg = Debug|Any CPU
		{A030BDE8-25C5-495E-8C89-7B54C35E36EC}.Debug|Any CPU.Build.0 = Debug|Any CPU
		{A030BDE8-25C5-495E-8C89-7B54C35E36EC}.Release|Any CPU.ActiveCfg = Release|Any CPU
		{A030BDE8-25C5-495E-8C89-7B54C35E36EC}.Release|Any CPU.Build.0 = Release|Any CPU
	EndGlobalSection
	GlobalSection(SolutionProperties) = preSolution
		HideSolutionNode = FALSE
	EndGlobalSection
	GlobalSection(ExtensibilityGlobals) = postSolution
		SolutionGuid = {96A28C58-0F40-4885-95AC-050202D10062}
	EndGlobalSection
EndGlobal
