
Microsoft Visual Studio Solution File, Format Version 12.00
# Visual Studio Version 16
VisualStudioVersion = 16.0.31624.102
MinimumVisualStudioVersion = 10.0.40219.1
Project("{9A19103F-16F7-4668-BE54-9A1E7A4F7556}") = "UnityEngine.CoreModule", "UnityEngine.CoreModule.csproj", "{58A18FF2-E522-457E-99B0-8575DFD5973E}"
EndProject
Global
	GlobalSection(SolutionConfigurationPlatforms) = preSolution
		Debug|Any CPU = Debug|Any CPU
		Release|Any CPU = Release|Any CPU
	EndGlobalSection
	GlobalSection(ProjectConfigurationPlatforms) = postSolution
		{58A18FF2-E522-457E-99B0-8575DFD5973E}.Debug|Any CPU.ActiveCfg = Debug|Any CPU
		{58A18FF2-E522-457E-99B0-8575DFD5973E}.Debug|Any CPU.Build.0 = Debug|Any CPU
		{58A18FF2-E522-457E-99B0-8575DFD5973E}.Release|Any CPU.ActiveCfg = Release|Any CPU
		{58A18FF2-E522-457E-99B0-8575DFD5973E}.Release|Any CPU.Build.0 = Release|Any CPU
	EndGlobalSection
	GlobalSection(SolutionProperties) = preSolution
		HideSolutionNode = FALSE
	EndGlobalSection
	GlobalSection(ExtensibilityGlobals) = postSolution
		SolutionGuid = {246ECCB4-14AE-403A-828E-5261E121AF09}
	EndGlobalSection
EndGlobal
